
Microsoft Visual Studio Solution File, Format Version 12.00
# Visual Studio Version 16
VisualStudioVersion = 16.0.810.25
MinimumVisualStudioVersion = 10.0.40219.1
Project("{FAE04EC0-301F-11D3-BF4B-00C04F79EFBC}") = "TurnupAutomation", "TurnupAutomation.csproj", "{43FECC35-A2BD-447A-A363-55211A1B56CE}"
EndProject
Global
	GlobalSection(SolutionConfigurationPlatforms) = preSolution
		Debug|Any CPU = Debug|Any CPU
		Release|Any CPU = Release|Any CPU
	EndGlobalSection
	GlobalSection(ProjectConfigurationPlatforms) = postSolution
		{43FECC35-A2BD-447A-A363-55211A1B56CE}.Debug|Any CPU.ActiveCfg = Debug|Any CPU
		{43FECC35-A2BD-447A-A363-55211A1B56CE}.Debug|Any CPU.Build.0 = Debug|Any CPU
		{43FECC35-A2BD-447A-A363-55211A1B56CE}.Release|Any CPU.ActiveCfg = Release|Any CPU
		{43FECC35-A2BD-447A-A363-55211A1B56CE}.Release|Any CPU.Build.0 = Release|Any CPU
	EndGlobalSection
	GlobalSection(SolutionProperties) = preSolution
		HideSolutionNode = FALSE
	EndGlobalSection
	GlobalSection(ExtensibilityGlobals) = postSolution
		SolutionGuid = {2872B9DE-2676-4139-8D7C-A0BD5413815E}
	EndGlobalSection
EndGlobal
